<?xml version="1.0" encoding="utf-8"?>
<Project ToolsVersion="4.0" xmlns="http://schemas.microsoft.com/developer/msbuild/2003">
  <ItemGroup>
    <Filter Include="Resource">
      <UniqueIdentifier>{67DA6AB6-F800-4c08-8B7A-83BB121AAD01}</UniqueIdentifier>
      <Extensions>rc;ico;cur;bmp;dlg;rc2;rct;bin;rgs;gif;jpg;jpeg;jpe;resx;tiff;tif;png;wav;mfcribbon-ms</Extensions>
    </Filter>
    <Filter Include="Common">
      <UniqueIdentifier>{fdb12df5-7da7-46dc-aee9-eb413cb55a43}</UniqueIdentifier>
    </Filter>
    <Filter Include="Application">
      <UniqueIdentifier>{5853d123-2947-424d-8be8-979aea337718}</UniqueIdentifier>
    </Filter>
    <Filter Include="Card">
      <UniqueIdentifier>{c38a46b0-bd9d-4282-9062-9e27fff509e5}</UniqueIdentifier>
    </Filter>
    <Filter Include="Server">
      <UniqueIdentifier>{973249e2-39b6-4d2e-8d75-ba795ee873d1}</UniqueIdentifier>
    </Filter>
    <Filter Include="Terminal">
      <UniqueIdentifier>{ef02b1aa-12e2-443a-8a72-087118348b81}</UniqueIdentifier>
    </Filter>
  </ItemGroup>
  <ItemGroup>
    <ClInclude Include="Resource\resource.h">
      <Filter>Resource</Filter>
    </ClInclude>
    <ClInclude Include="Resource\resource_macros.h">
      <Filter>Resource</Filter>
    </ClInclude>
    <ClInclude Include="Common\framework.h">
      <Filter>Common</Filter>
    </ClInclude>
    <ClInclude Include="Common\pch.h">
      <Filter>Common</Filter>
    </ClInclude>
    <ClInclude Include="Application\app.h">
      <Filter>Application</Filter>
    </ClInclude>
    <ClInclude Include="Server\server.h">
      <Filter>Server</Filter>
    </ClInclude>
    <ClInclude Include="Card\card.h">
      <Filter>Card</Filter>
    </ClInclude>
    <ClInclude Include="Terminal\terminal.h">
      <Filter>Terminal</Filter>
    </ClInclude>
    <ClInclude Include="Card\card.tests.h">
      <Filter>Card</Filter>
    </ClInclude>
    <ClInclude Include="Terminal\terminal.tests.h">
      <Filter>Terminal</Filter>
    </ClInclude>
    <ClInclude Include="Server\server.tests.h">
      <Filter>Server</Filter>
    </ClInclude>
    <ClInclude Include="Common\console.h">
      <Filter>Common</Filter>
    </ClInclude>
  </ItemGroup>
  <ItemGroup>
    <ResourceCompile Include="Resource\version.rc">
      <Filter>Resource</Filter>
    </ResourceCompile>
  </ItemGroup>
  <ItemGroup>
    <ClCompile Include="Common\pch.c">
      <Filter>Common</Filter>
    </ClCompile>
    <ClCompile Include="Application\app.c">
      <Filter>Application</Filter>
    </ClCompile>
    <ClCompile Include="Server\server.c">
      <Filter>Server</Filter>
    </ClCompile>
    <ClCompile Include="Card\card.c">
      <Filter>Card</Filter>
    </ClCompile>
    <ClCompile Include="Terminal\terminal.c">
      <Filter>Terminal</Filter>
    </ClCompile>
    <ClCompile Include="main.c" />
    <ClCompile Include="Card\card.tests.c">
      <Filter>Card</Filter>
    </ClCompile>
    <ClCompile Include="Terminal\terminal.tests.c">
      <Filter>Terminal</Filter>
    </ClCompile>
    <ClCompile Include="Server\server.tests.c">
      <Filter>Server</Filter>
    </ClCompile>
    <ClCompile Include="Common\console.c">
      <Filter>Common</Filter>
    </ClCompile>
  </ItemGroup>
</Project>